// !$*UTF8*$!
{
	archiveVersion = 1;
	classes = {
	};
	objectVersion = 46;
	objects = {

/* Begin PBXBuildFile section */
		F15F73131B7E588A0093FC7F /* main.cpp in Sources */ = {isa = PBXBuildFile; fileRef = F15F73121B7E588A0093FC7F /* main.cpp */; };
		F15F731B1B7E58BD0093FC7F /* singleton.cpp in Sources */ = {isa = PBXBuildFile; fileRef = F15F73191B7E58BD0093FC7F /* singleton.cpp */; };
/* End PBXBuildFile section */

/* Begin PBXCopyFilesBuildPhase section */
		F15F730D1B7E588A0093FC7F /* CopyFiles */ = {
			isa = PBXCopyFilesBuildPhase;
			buildActionMask = 2147483647;
			dstPath = /usr/share/man/man1/;
			dstSubfolderSpec = 0;
			files = (
			);
			runOnlyForDeploymentPostprocessing = 1;
		};
/* End PBXCopyFilesBuildPhase section */

/* Begin PBXFileReference section */
		F15F730F1B7E588A0093FC7F /* Práctica 1 */ = {isa = PBXFileReference; explicitFileType = "compiled.mach-o.executable"; includeInIndex = 0; path = "Práctica 1"; sourceTree = BUILT_PRODUCTS_DIR; };
		F15F73121B7E588A0093FC7F /* main.cpp */ = {isa = PBXFileReference; lastKnownFileType = sourcecode.cpp.cpp; path = main.cpp; sourceTree = "<group>"; };
		F15F73191B7E58BD0093FC7F /* singleton.cpp */ = {isa = PBXFileReference; fileEncoding = 4; lastKnownFileType = sourcecode.cpp.cpp; path = singleton.cpp; sourceTree = "<group>"; };
		F15F731D1B7E59390093FC7F /* singleton.h */ = {isa = PBXFileReference; fileEncoding = 4; lastKnownFileType = sourcecode.c.h; path = singleton.h; sourceTree = "<group>"; };
		F1BFA0FB1B8230AC00280548 /* log.txt */ = {isa = PBXFileReference; fileEncoding = 4; lastKnownFileType = text; path = log.txt; sourceTree = "<group>"; };
/* End PBXFileReference section */

/* Begin PBXFrameworksBuildPhase section */
		F15F730C1B7E588A0093FC7F /* Frameworks */ = {
			isa = PBXFrameworksBuildPhase;
			buildActionMask = 2147483647;
			files = (
			);
			runOnlyForDeploymentPostprocessing = 0;
		};
/* End PBXFrameworksBuildPhase section */

/* Begin PBXGroup section */
		F15F73061B7E588A0093FC7F = {
			isa = PBXGroup;
			children = (
				F15F73111B7E588A0093FC7F /* Práctica 1 */,
				F15F73101B7E588A0093FC7F /* Products */,
			);
			sourceTree = "<group>";
		};
		F15F73101B7E588A0093FC7F /* Products */ = {
			isa = PBXGroup;
			children = (
				F15F730F1B7E588A0093FC7F /* Práctica 1 */,
			);
			name = Products;
			sourceTree = "<group>";
		};
		F15F73111B7E588A0093FC7F /* Práctica 1 */ = {
			isa = PBXGroup;
			children = (
				F15F73121B7E588A0093FC7F /* main.cpp */,
				F15F731D1B7E59390093FC7F /* singleton.h */,
				F15F73191B7E58BD0093FC7F /* singleton.cpp */,
				F1BFA0FB1B8230AC00280548 /* log.txt */,
			);
			path = "Práctica 1";
			sourceTree = "<group>";
		};
/* End PBXGroup section */

/* Begin PBXNativeTarget section */
		F15F730E1B7E588A0093FC7F /* Práctica 1 */ = {
			isa = PBXNativeTarget;
			buildConfigurationList = F15F73161B7E588A0093FC7F /* Build configuration list for PBXNativeTarget "Práctica 1" */;
			buildPhases = (
				F15F730B1B7E588A0093FC7F /* Sources */,
				F15F730C1B7E588A0093FC7F /* Frameworks */,
				F15F730D1B7E588A0093FC7F /* CopyFiles */,
			);
			buildRules = (
			);
			dependencies = (
			);
			name = "Práctica 1";
			productName = "Práctica 1";
			productReference = F15F730F1B7E588A0093FC7F /* Práctica 1 */;
			productType = "com.apple.product-type.tool";
		};
/* End PBXNativeTarget section */

/* Begin PBXProject section */
		F15F73071B7E588A0093FC7F /* Project object */ = {
			isa = PBXProject;
			attributes = {
				LastUpgradeCheck = 0700;
				ORGANIZATIONNAME = "Krikor Bisdikian G.";
				TargetAttributes = {
					F15F730E1B7E588A0093FC7F = {
						CreatedOnToolsVersion = 7.0;
					};
				};
			};
			buildConfigurationList = F15F730A1B7E588A0093FC7F /* Build configuration list for PBXProject "Práctica 1" */;
			compatibilityVersion = "Xcode 3.2";
			developmentRegion = English;
			hasScannedForEncodings = 0;
			knownRegions = (
				en,
			);
			mainGroup = F15F73061B7E588A0093FC7F;
			productRefGroup = F15F73101B7E588A0093FC7F /* Products */;
			projectDirPath = "";
			projectRoot = "";
			targets = (
				F15F730E1B7E588A0093FC7F /* Práctica 1 */,
			);
		};
/* End PBXProject section */

/* Begin PBXSourcesBuildPhase section */
		F15F730B1B7E588A0093FC7F /* Sources */ = {
			isa = PBXSourcesBuildPhase;
			buildActionMask = 2147483647;
			files = (
				F15F73131B7E588A0093FC7F /* main.cpp in Sources */,
				F15F731B1B7E58BD0093FC7F /* singleton.cpp in Sources */,
			);
			runOnlyForDeploymentPostprocessing = 0;
		};
/* End PBXSourcesBuildPhase section */

/* Begin XCBuildConfiguration section */
		F15F73141B7E588A0093FC7F /* Debug */ = {
			isa = XCBuildConfiguration;
			buildSettings = {
				ALWAYS_SEARCH_USER_PATHS = NO;
				CLANG_CXX_LANGUAGE_STANDARD = "gnu++0x";
				CLANG_CXX_LIBRARY = "libc++";
				CLANG_ENABLE_MODULES = YES;
				CLANG_ENABLE_OBJC_ARC = YES;
				CLANG_WARN_BOOL_CONVERSION = YES;
				CLANG_WARN_CONSTANT_CONVERSION = YES;
				CLANG_WARN_DIRECT_OBJC_ISA_USAGE = YES_ERROR;
				CLANG_WARN_EMPTY_BODY = YES;
				CLANG_WARN_ENUM_CONVERSION = YES;
				CLANG_WARN_INT_CONVERSION = YES;
				CLANG_WARN_OBJC_ROOT_CLASS = YES_ERROR;
				CLANG_WARN_UNREACHABLE_CODE = YES;
				CLANG_WARN__DUPLICATE_METHOD_MATCH = YES;
				COPY_PHASE_STRIP = NO;
				DEBUG_INFORMATION_FORMAT = dwarf;
				ENABLE_STRICT_OBJC_MSGSEND = YES;
				ENABLE_TESTABILITY = YES;
				GCC_C_LANGUAGE_STANDARD = gnu99;
				GCC_DYNAMIC_NO_PIC = NO;
				GCC_NO_COMMON_BLOCKS = YES;
				GCC_OPTIMIZATION_LEVEL = 0;
				GCC_PREPROCESSOR_DEFINITIONS = (
					"DEBUG=1",
					"$(inherited)",
				);
				GCC_WARN_64_TO_32_BIT_CONVERSION = YES;
				GCC_WARN_ABOUT_RETURN_TYPE = YES_ERROR;
				GCC_WARN_UNDECLARED_SELECTOR = YES;
				GCC_WARN_UNINITIALIZED_AUTOS = YES_AGGRESSIVE;
				GCC_WARN_UNUSED_FUNCTION = YES;
				GCC_WARN_UNUSED_VARIABLE = YES;
				MACOSX_DEPLOYMENT_TARGET = 10.11;
				MTL_ENABLE_DEBUG_INFO = YES;
				ONLY_ACTIVE_ARCH = YES;
				SDKROOT = macosx;
			};
			name = Debug;
		};
		F15F73151B7E588A0093FC7F /* Release */ = {
			isa = XCBuildConfiguration;
			buildSettings = {
				ALWAYS_SEARCH_USER_PATHS = NO;
				CLANG_CXX_LANGUAGE_STANDARD = "gnu++0x";
				CLANG_CXX_LIBRARY = "libc++";
				CLANG_ENABLE_MODULES = YES;
				CLANG_ENABLE_OBJC_ARC = YES;
				CLANG_WARN_BOOL_CONVERSION = YES;
				CLANG_WARN_CONSTANT_CONVERSION = YES;
				CLANG_WARN_DIRECT_OBJC_ISA_USAGE = YES_ERROR;
				CLANG_WARN_EMPTY_BODY = YES;
				CLANG_WARN_ENUM_CONVERSION = YES;
				CLANG_WARN_INT_CONVERSION = YES;
				CLANG_WARN_OBJC_ROOT_CLASS = YES_ERROR;
				CLANG_WARN_UNREACHABLE_CODE = YES;
				CLANG_WARN__DUPLICATE_METHOD_MATCH = YES;
				COPY_PHASE_STRIP = NO;
				DEBUG_INFORMATION_FORMAT = "dwarf-with-dsym";
				ENABLE_NS_ASSERTIONS = NO;
				ENABLE_STRICT_OBJC_MSGSEND = YES;
				GCC_C_LANGUAGE_STANDARD = gnu99;
				GCC_NO_COMMON_BLOCKS = YES;
				GCC_WARN_64_TO_32_BIT_CONVERSION = YES;
				GCC_WARN_ABOUT_RETURN_TYPE = YES_ERROR;
				GCC_WARN_UNDECLARED_SELECTOR = YES;
				GCC_WARN_UNINITIALIZED_AUTOS = YES_AGGRESSIVE;
				GCC_WARN_UNUSED_FUNCTION = YES;
				GCC_WARN_UNUSED_VARIABLE = YES;
				MACOSX_DEPLOYMENT_TARGET = 10.11;
				MTL_ENABLE_DEBUG_INFO = NO;
				SDKROOT = macosx;
			};
			name = Release;
		};
		F15F73171B7E588A0093FC7F /* Debug */ = {
			isa = XCBuildConfiguration;
			buildSettings = {
				PRODUCT_NAME = "$(TARGET_NAME)";
			};
			name = Debug;
		};
		F15F73181B7E588A0093FC7F /* Release */ = {
			isa = XCBuildConfiguration;
			buildSettings = {
				PRODUCT_NAME = "$(TARGET_NAME)";
			};
			name = Release;
		};
/* End XCBuildConfiguration section */

/* Begin XCConfigurationList section */
		F15F730A1B7E588A0093FC7F /* Build configuration list for PBXProject "Práctica 1" */ = {
			isa = XCConfigurationList;
			buildConfigurations = (
				F15F73141B7E588A0093FC7F /* Debug */,
				F15F73151B7E588A0093FC7F /* Release */,
			);
			defaultConfigurationIsVisible = 0;
			defaultConfigurationName = Release;
		};
		F15F73161B7E588A0093FC7F /* Build configuration list for PBXNativeTarget "Práctica 1" */ = {
			isa = XCConfigurationList;
			buildConfigurations = (
				F15F73171B7E588A0093FC7F /* Debug */,
				F15F73181B7E588A0093FC7F /* Release */,
			);
			defaultConfigurationIsVisible = 0;
			defaultConfigurationName = Release;
		};
/* End XCConfigurationList section */
	};
	rootObject = F15F73071B7E588A0093FC7F /* Project object */;
}
